
Microsoft Visual Studio Solution File, Format Version 12.00
# Visual Studio Version 17
VisualStudioVersion = 17.4.33213.308
MinimumVisualStudioVersion = 10.0.40219.1
Project("{9A19103F-16F7-4668-BE54-9A1E7A4F7556}") = "Mc2.CrudTest.Presentation.Server", "Mc2.CrudTest.Presentation\Server\Mc2.CrudTest.Presentation.Server.csproj", "{D2AD2F7D-C1E0-4C84-A2A4-6900CED15599}"
EndProject
Project("{2150E333-8FDC-42A3-9474-1A3956D46DE8}") = "Domain", "Domain", "{D6EE1D5F-746B-4429-A3C6-FEA995EA1EE8}"
EndProject
Project("{2150E333-8FDC-42A3-9474-1A3956D46DE8}") = "Test", "Test", "{F7DF3F54-4676-45BF-8BB1-404BB0B42F37}"
EndProject
Project("{9A19103F-16F7-4668-BE54-9A1E7A4F7556}") = "Mc2.CrudTest.UnitTest", "Test\Mc2.CrudTest.UnitTest\Mc2.CrudTest.UnitTest.csproj", "{0437D7A0-6F61-4F66-9A68-CC454F79DA2E}"
EndProject
Project("{9A19103F-16F7-4668-BE54-9A1E7A4F7556}") = "Mc2.CrudTest.IntegrationTest", "Test\Mc2.CrudTest.IntegrationTest\Mc2.CrudTest.IntegrationTest.csproj", "{374A5EEB-1BCC-4214-B9B7-37E6DBD753D2}"
EndProject
Project("{9A19103F-16F7-4668-BE54-9A1E7A4F7556}") = "Mc2.CrudTest.TestUtilities", "Test\Mc2.CrudTest.TestUtilities\Mc2.CrudTest.TestUtilities.csproj", "{EFF35BF7-0CED-41BC-A595-E16E8ED65204}"
EndProject
Project("{9A19103F-16F7-4668-BE54-9A1E7A4F7556}") = "Common", "Common\Common\Common.csproj", "{59260D0D-DC21-4385-801F-DA7CCB5F124D}"
EndProject
Project("{2150E333-8FDC-42A3-9474-1A3956D46DE8}") = "Infrastructure", "Infrastructure", "{3A246232-B7BE-4EBA-AB7A-E30DF05DCDCB}"
EndProject
Project("{9A19103F-16F7-4668-BE54-9A1E7A4F7556}") = "Mc2.CrudTest.Infrastructure", "Infrastructure\Mc2.CrudTest.Infrastructure.csproj", "{74B22EE7-242D-4914-99FB-AF8AB72FDB98}"
EndProject
Project("{9A19103F-16F7-4668-BE54-9A1E7A4F7556}") = "Mc2.CrudTest.Domain", "Domain\Mc2.CrudTest.Domain\Mc2.CrudTest.Domain.csproj", "{8425C5A5-291E-49C0-9997-ACF31AF18F9D}"
EndProject
Project("{2150E333-8FDC-42A3-9474-1A3956D46DE8}") = "Query", "Query", "{DE5E1387-750F-4D71-ADD6-AD1AEB5003A3}"
EndProject
Project("{9A19103F-16F7-4668-BE54-9A1E7A4F7556}") = "Mc2.CrudTest.Query", "Query\Mc2.CrudTest.Query\Mc2.CrudTest.Query.csproj", "{45067FC4-D26A-463E-B2CD-8C7E7C651870}"
EndProject
Project("{2150E333-8FDC-42A3-9474-1A3956D46DE8}") = "Application", "Application", "{F644AE19-78EC-4945-8A90-15CAE4A7B419}"
EndProject
Project("{9A19103F-16F7-4668-BE54-9A1E7A4F7556}") = "Mc2.CrudTest.Application", "Application\Mc2.CrudTest.Application\Mc2.CrudTest.Application.csproj", "{2255DE9B-6407-4BF2-A512-EB67A07A4BD3}"
EndProject
Global
	GlobalSection(SolutionConfigurationPlatforms) = preSolution
		Debug|Any CPU = Debug|Any CPU
		Release|Any CPU = Release|Any CPU
	EndGlobalSection
	GlobalSection(ProjectConfigurationPlatforms) = postSolution
		{D2AD2F7D-C1E0-4C84-A2A4-6900CED15599}.Debug|Any CPU.ActiveCfg = Debug|Any CPU
		{D2AD2F7D-C1E0-4C84-A2A4-6900CED15599}.Debug|Any CPU.Build.0 = Debug|Any CPU
		{D2AD2F7D-C1E0-4C84-A2A4-6900CED15599}.Release|Any CPU.ActiveCfg = Release|Any CPU
		{D2AD2F7D-C1E0-4C84-A2A4-6900CED15599}.Release|Any CPU.Build.0 = Release|Any CPU
		{0437D7A0-6F61-4F66-9A68-CC454F79DA2E}.Debug|Any CPU.ActiveCfg = Debug|Any CPU
		{0437D7A0-6F61-4F66-9A68-CC454F79DA2E}.Debug|Any CPU.Build.0 = Debug|Any CPU
		{0437D7A0-6F61-4F66-9A68-CC454F79DA2E}.Release|Any CPU.ActiveCfg = Release|Any CPU
		{0437D7A0-6F61-4F66-9A68-CC454F79DA2E}.Release|Any CPU.Build.0 = Release|Any CPU
		{374A5EEB-1BCC-4214-B9B7-37E6DBD753D2}.Debug|Any CPU.ActiveCfg = Debug|Any CPU
		{374A5EEB-1BCC-4214-B9B7-37E6DBD753D2}.Debug|Any CPU.Build.0 = Debug|Any CPU
		{374A5EEB-1BCC-4214-B9B7-37E6DBD753D2}.Release|Any CPU.ActiveCfg = Release|Any CPU
		{374A5EEB-1BCC-4214-B9B7-37E6DBD753D2}.Release|Any CPU.Build.0 = Release|Any CPU
		{EFF35BF7-0CED-41BC-A595-E16E8ED65204}.Debug|Any CPU.ActiveCfg = Debug|Any CPU
		{EFF35BF7-0CED-41BC-A595-E16E8ED65204}.Debug|Any CPU.Build.0 = Debug|Any CPU
		{EFF35BF7-0CED-41BC-A595-E16E8ED65204}.Release|Any CPU.ActiveCfg = Release|Any CPU
		{EFF35BF7-0CED-41BC-A595-E16E8ED65204}.Release|Any CPU.Build.0 = Release|Any CPU
		{59260D0D-DC21-4385-801F-DA7CCB5F124D}.Debug|Any CPU.ActiveCfg = Debug|Any CPU
		{59260D0D-DC21-4385-801F-DA7CCB5F124D}.Debug|Any CPU.Build.0 = Debug|Any CPU
		{59260D0D-DC21-4385-801F-DA7CCB5F124D}.Release|Any CPU.ActiveCfg = Release|Any CPU
		{59260D0D-DC21-4385-801F-DA7CCB5F124D}.Release|Any CPU.Build.0 = Release|Any CPU
		{74B22EE7-242D-4914-99FB-AF8AB72FDB98}.Debug|Any CPU.ActiveCfg = Debug|Any CPU
		{74B22EE7-242D-4914-99FB-AF8AB72FDB98}.Debug|Any CPU.Build.0 = Debug|Any CPU
		{74B22EE7-242D-4914-99FB-AF8AB72FDB98}.Release|Any CPU.ActiveCfg = Release|Any CPU
		{74B22EE7-242D-4914-99FB-AF8AB72FDB98}.Release|Any CPU.Build.0 = Release|Any CPU
		{8425C5A5-291E-49C0-9997-ACF31AF18F9D}.Debug|Any CPU.ActiveCfg = Debug|Any CPU
		{8425C5A5-291E-49C0-9997-ACF31AF18F9D}.Debug|Any CPU.Build.0 = Debug|Any CPU
		{8425C5A5-291E-49C0-9997-ACF31AF18F9D}.Release|Any CPU.ActiveCfg = Release|Any CPU
		{8425C5A5-291E-49C0-9997-ACF31AF18F9D}.Release|Any CPU.Build.0 = Release|Any CPU
		{45067FC4-D26A-463E-B2CD-8C7E7C651870}.Debug|Any CPU.ActiveCfg = Debug|Any CPU
		{45067FC4-D26A-463E-B2CD-8C7E7C651870}.Debug|Any CPU.Build.0 = Debug|Any CPU
		{45067FC4-D26A-463E-B2CD-8C7E7C651870}.Release|Any CPU.ActiveCfg = Release|Any CPU
		{45067FC4-D26A-463E-B2CD-8C7E7C651870}.Release|Any CPU.Build.0 = Release|Any CPU
		{2255DE9B-6407-4BF2-A512-EB67A07A4BD3}.Debug|Any CPU.ActiveCfg = Debug|Any CPU
		{2255DE9B-6407-4BF2-A512-EB67A07A4BD3}.Debug|Any CPU.Build.0 = Debug|Any CPU
		{2255DE9B-6407-4BF2-A512-EB67A07A4BD3}.Release|Any CPU.ActiveCfg = Release|Any CPU
		{2255DE9B-6407-4BF2-A512-EB67A07A4BD3}.Release|Any CPU.Build.0 = Release|Any CPU
	EndGlobalSection
	GlobalSection(SolutionProperties) = preSolution
		HideSolutionNode = FALSE
	EndGlobalSection
	GlobalSection(NestedProjects) = preSolution
		{0437D7A0-6F61-4F66-9A68-CC454F79DA2E} = {F7DF3F54-4676-45BF-8BB1-404BB0B42F37}
		{374A5EEB-1BCC-4214-B9B7-37E6DBD753D2} = {F7DF3F54-4676-45BF-8BB1-404BB0B42F37}
		{EFF35BF7-0CED-41BC-A595-E16E8ED65204} = {F7DF3F54-4676-45BF-8BB1-404BB0B42F37}
		{74B22EE7-242D-4914-99FB-AF8AB72FDB98} = {3A246232-B7BE-4EBA-AB7A-E30DF05DCDCB}
		{8425C5A5-291E-49C0-9997-ACF31AF18F9D} = {D6EE1D5F-746B-4429-A3C6-FEA995EA1EE8}
		{45067FC4-D26A-463E-B2CD-8C7E7C651870} = {DE5E1387-750F-4D71-ADD6-AD1AEB5003A3}
		{2255DE9B-6407-4BF2-A512-EB67A07A4BD3} = {F644AE19-78EC-4945-8A90-15CAE4A7B419}
	EndGlobalSection
	GlobalSection(ExtensibilityGlobals) = postSolution
		SolutionGuid = {4B5A26C9-68C1-49D9-9F32-AF907A1730C2}
	EndGlobalSection
EndGlobal
